github.com/odvcencio/gotreesitter v0.20.1 h1:h6aiS5AvXhpfCdLzOSQui8IYkJBmH+tZuujInZzVxFw=
github.com/odvcencio/gotreesitter v0.20.1/go.mod h1:hBVkghd0paaYAVwd2087vfwdeU984bQbMo9LvpE0moo=
github.com/orisano/pixelmatch v0.0.0-20220722002657-fb0b55479cde h1:x0TT0RDC7UhAVbbWWBzr41ElhJx5tXPWkIHA2HWPRuw=
github.com/orisano/pixelmatch v0.0.0-20220722002657-fb0b55479cde/go.mod h1:nZgzbfBr3hhjoZnS66nKrHmduYNpc34ny7RK4z5/HM0=
m31labs.dev/prism v0.1.0 h1:5KRsHuLH4qQvVaYtUn2VIwGZ0/VjbVscxJ5/xkEQWe0=
m31labs.dev/prism v0.1.0/go.mod h1:y3Eg5GDXRB6G0rNIPOOnmFXpmZGjy4eOjyDMORyWHf8=
